schema: '2.0'
stages:
  data_cleaning:
    cmd: python src/data/data_cleaning.py
    deps:
    - path: data/raw/swiggy.csv
      hash: md5
      md5: c5c64baf47b176a75d1f24ce0d487bca
      size: 7772212
    - path: src/data/data_cleaning.py
      hash: md5
      md5: d49f14b34cbff9c833e6a0232ee20379
      size: 10076
    outs:
    - path: data/cleaned/swiggy_cleaned.csv
      hash: md5
      md5: 4918716e52fc57babdcd400dfb3c3f29
      size: 4508527
  data_preparation:
    cmd: python src/data/data_preparation.py
    deps:
    - path: data/cleaned/swiggy_cleaned.csv
      hash: md5
      md5: 4918716e52fc57babdcd400dfb3c3f29
      size: 4508527
    - path: src/data/data_preparation.py
      hash: md5
      md5: c78aba562076893adf9cef2d1277b520
      size: 3137
    params:
      params.yaml:
        Data_Preparation.random_state: 42
        Data_Preparation.test_size: 0.25
    outs:
    - path: data/interim/test.csv
      hash: md5
      md5: e17e82f6e38f0a4a384bfe008be42ba2
      size: 1126527
    - path: data/interim/train.csv
      hash: md5
      md5: c947bf174a89cccd1c8ec92dfab7ea14
      size: 3379042
  data_preprocessing:
    cmd: python src/features/data_preprocessing.py
    deps:
    - path: data/interim/test.csv
      hash: md5
      md5: e17e82f6e38f0a4a384bfe008be42ba2
      size: 1126527
    - path: data/interim/train.csv
      hash: md5
      md5: c947bf174a89cccd1c8ec92dfab7ea14
      size: 3379042
    - path: src/features/data_preprocessing.py
      hash: md5
      md5: 7757ca7355d91474046d0d60dd1d231f
      size: 7203
    outs:
    - path: data/processed/test_trans.csv
      hash: md5
      md5: 6a7f129b63c05b9922c237e6ae702b26
      size: 1358276
    - path: data/processed/train_trans.csv
      hash: md5
      md5: 607d3fb5ca7957bc02695329fe4322bd
      size: 4060457
    - path: models/preprocessor.joblib
      hash: md5
      md5: a69ea345ba33a203a27903fd0a2873fb
      size: 8189
  train:
    cmd: python src/models/train.py
    deps:
    - path: data/processed/train_trans.csv
      hash: md5
      md5: 607d3fb5ca7957bc02695329fe4322bd
      size: 4060457
    - path: src/models/train.py
      hash: md5
      md5: 779ed434eb5ed4b02fb3b4eb347dc8c6
      size: 5327
    params:
      params.yaml:
        Train.LightGBM:
          n_estimators: 154
          max_depth: 27
          learning_rate: 0.22234435854395157
          subsample: 0.7592213724048168
          min_child_weight: 20
          min_split_gain: 0.004604680609280751
          reg_lambda: 97.81002379097947
          n_jobs: -1
        Train.Random_Forest:
          n_estimators: 479
          criterion: squared_error
          max_depth: 17
          max_features: 1
          min_samples_split: 9
          min_samples_leaf: 2
          max_samples: 0.6603673526197066
          verbose: 1
          n_jobs: -1
    outs:
    - path: models/model.joblib
      hash: md5
      md5: d5bd600b9c2637625223179f528048da
      size: 148800952
    - path: models/power_transformer.joblib
      hash: md5
      md5: e7ec44d4a73095ab4142454a9cf27afc
      size: 837
    - path: models/stacking_regressor.joblib
      hash: md5
      md5: ac5c5f886b9452b55ddf2e3864516208
      size: 148789418
  evaluation:
    cmd: python src/models/evaluation.py
    deps:
    - path: data/processed/test_trans.csv
      hash: md5
      md5: 6a7f129b63c05b9922c237e6ae702b26
      size: 1358276
    - path: data/processed/train_trans.csv
      hash: md5
      md5: 607d3fb5ca7957bc02695329fe4322bd
      size: 4060457
    - path: models/model.joblib
      hash: md5
      md5: d5bd600b9c2637625223179f528048da
      size: 148800952
    - path: src/models/evaluation.py
      hash: md5
      md5: 589203ae91fe63ec18ab917572b6e1e9
      size: 6815
    outs:
    - path: run_information.json
      hash: md5
      md5: 5922613c2c419f62dd121e0aa72798a2
      size: 220
  register_model:
    cmd: python src/models/register_model.py
    deps:
    - path: run_information.json
      hash: md5
      md5: 5922613c2c419f62dd121e0aa72798a2
      size: 220
    - path: src/models/register_model.py
      hash: md5
      md5: d85bd6f3121a5f30e1024f4aeb88fcd5
      size: 2398
